
Microsoft Visual Studio Solution File, Format Version 12.00
# Visual Studio 14
VisualStudioVersion = 14.0.24720.0
MinimumVisualStudioVersion = 10.0.40219.1
Project("{8BC9CEB8-8B4A-11D0-8D11-00A0C91BC942}") = "LaboratoryWork02", "LaboratoryWork02\LaboratoryWork02.vcxproj", "{3AD0EEE2-FD86-4054-8787-512385E50261}"
EndProject
Project("{8BC9CEB8-8B4A-11D0-8D11-00A0C91BC942}") = "LaboratoryWork01", "LaboratoryWork01\LaboratoryWork01.vcxproj", "{FDF292E6-4F73-42F0-9691-EA5E4FED22FA}"
EndProject
Project("{8BC9CEB8-8B4A-11D0-8D11-00A0C91BC942}") = "LaboratoryWork03", "LaboratoryWork03\LaboratoryWork03.vcxproj", "{60A65F64-231E-4BE9-B58D-E05C01ED0059}"
EndProject
Project("{8BC9CEB8-8B4A-11D0-8D11-00A0C91BC942}") = "LaboratoryWork04", "LaboratoryWork04\LaboratoryWork04.vcxproj", "{ACEA30F5-B2D1-47BE-9F02-008393ABBF19}"
EndProject
Project("{8BC9CEB8-8B4A-11D0-8D11-00A0C91BC942}") = "LaboratoryWork05", "LaboratoryWork05\LaboratoryWork05.vcxproj", "{F508CC5E-A4B1-4458-8F7B-4C03DF1C21C1}"
EndProject
Project("{8BC9CEB8-8B4A-11D0-8D11-00A0C91BC942}") = "VoronoiDiagram", "VoronoiDiagram\VoronoiDiagram.vcxproj", "{3B3C5EAC-5142-46E3-8ADF-094FF3C89A23}"
EndProject
Global
	GlobalSection(SolutionConfigurationPlatforms) = preSolution
		Debug|x64 = Debug|x64
		Debug|x86 = Debug|x86
		Release|x64 = Release|x64
		Release|x86 = Release|x86
	EndGlobalSection
	GlobalSection(ProjectConfigurationPlatforms) = postSolution
		{3AD0EEE2-FD86-4054-8787-512385E50261}.Debug|x64.ActiveCfg = Debug|x64
		{3AD0EEE2-FD86-4054-8787-512385E50261}.Debug|x64.Build.0 = Debug|x64
		{3AD0EEE2-FD86-4054-8787-512385E50261}.Debug|x86.ActiveCfg = Debug|Win32
		{3AD0EEE2-FD86-4054-8787-512385E50261}.Debug|x86.Build.0 = Debug|Win32
		{3AD0EEE2-FD86-4054-8787-512385E50261}.Release|x64.ActiveCfg = Release|x64
		{3AD0EEE2-FD86-4054-8787-512385E50261}.Release|x64.Build.0 = Release|x64
		{3AD0EEE2-FD86-4054-8787-512385E50261}.Release|x86.ActiveCfg = Release|Win32
		{3AD0EEE2-FD86-4054-8787-512385E50261}.Release|x86.Build.0 = Release|Win32
		{FDF292E6-4F73-42F0-9691-EA5E4FED22FA}.Debug|x64.ActiveCfg = Debug|x64
		{FDF292E6-4F73-42F0-9691-EA5E4FED22FA}.Debug|x64.Build.0 = Debug|x64
		{FDF292E6-4F73-42F0-9691-EA5E4FED22FA}.Debug|x86.ActiveCfg = Debug|Win32
		{FDF292E6-4F73-42F0-9691-EA5E4FED22FA}.Debug|x86.Build.0 = Debug|Win32
		{FDF292E6-4F73-42F0-9691-EA5E4FED22FA}.Release|x64.ActiveCfg = Release|x64
		{FDF292E6-4F73-42F0-9691-EA5E4FED22FA}.Release|x64.Build.0 = Release|x64
		{FDF292E6-4F73-42F0-9691-EA5E4FED22FA}.Release|x86.ActiveCfg = Release|Win32
		{FDF292E6-4F73-42F0-9691-EA5E4FED22FA}.Release|x86.Build.0 = Release|Win32
		{60A65F64-231E-4BE9-B58D-E05C01ED0059}.Debug|x64.ActiveCfg = Debug|x64
		{60A65F64-231E-4BE9-B58D-E05C01ED0059}.Debug|x64.Build.0 = Debug|x64
		{60A65F64-231E-4BE9-B58D-E05C01ED0059}.Debug|x86.ActiveCfg = Debug|Win32
		{60A65F64-231E-4BE9-B58D-E05C01ED0059}.Debug|x86.Build.0 = Debug|Win32
		{60A65F64-231E-4BE9-B58D-E05C01ED0059}.Release|x64.ActiveCfg = Release|x64
		{60A65F64-231E-4BE9-B58D-E05C01ED0059}.Release|x64.Build.0 = Release|x64
		{60A65F64-231E-4BE9-B58D-E05C01ED0059}.Release|x86.ActiveCfg = Release|Win32
		{60A65F64-231E-4BE9-B58D-E05C01ED0059}.Release|x86.Build.0 = Release|Win32
		{ACEA30F5-B2D1-47BE-9F02-008393ABBF19}.Debug|x64.ActiveCfg = Debug|x64
		{ACEA30F5-B2D1-47BE-9F02-008393ABBF19}.Debug|x64.Build.0 = Debug|x64
		{ACEA30F5-B2D1-47BE-9F02-008393ABBF19}.Debug|x86.ActiveCfg = Debug|Win32
		{ACEA30F5-B2D1-47BE-9F02-008393ABBF19}.Debug|x86.Build.0 = Debug|Win32
		{ACEA30F5-B2D1-47BE-9F02-008393ABBF19}.Release|x64.ActiveCfg = Release|x64
		{ACEA30F5-B2D1-47BE-9F02-008393ABBF19}.Release|x64.Build.0 = Release|x64
		{ACEA30F5-B2D1-47BE-9F02-008393ABBF19}.Release|x86.ActiveCfg = Release|Win32
		{ACEA30F5-B2D1-47BE-9F02-008393ABBF19}.Release|x86.Build.0 = Release|Win32
		{F508CC5E-A4B1-4458-8F7B-4C03DF1C21C1}.Debug|x64.ActiveCfg = Debug|x64
		{F508CC5E-A4B1-4458-8F7B-4C03DF1C21C1}.Debug|x64.Build.0 = Debug|x64
		{F508CC5E-A4B1-4458-8F7B-4C03DF1C21C1}.Debug|x86.ActiveCfg = Debug|Win32
		{F508CC5E-A4B1-4458-8F7B-4C03DF1C21C1}.Debug|x86.Build.0 = Debug|Win32
		{F508CC5E-A4B1-4458-8F7B-4C03DF1C21C1}.Release|x64.ActiveCfg = Release|x64
		{F508CC5E-A4B1-4458-8F7B-4C03DF1C21C1}.Release|x64.Build.0 = Release|x64
		{F508CC5E-A4B1-4458-8F7B-4C03DF1C21C1}.Release|x86.ActiveCfg = Release|Win32
		{F508CC5E-A4B1-4458-8F7B-4C03DF1C21C1}.Release|x86.Build.0 = Release|Win32
		{3B3C5EAC-5142-46E3-8ADF-094FF3C89A23}.Debug|x64.ActiveCfg = Debug|x64
		{3B3C5EAC-5142-46E3-8ADF-094FF3C89A23}.Debug|x64.Build.0 = Debug|x64
		{3B3C5EAC-5142-46E3-8ADF-094FF3C89A23}.Debug|x86.ActiveCfg = Debug|Win32
		{3B3C5EAC-5142-46E3-8ADF-094FF3C89A23}.Debug|x86.Build.0 = Debug|Win32
		{3B3C5EAC-5142-46E3-8ADF-094FF3C89A23}.Release|x64.ActiveCfg = Release|x64
		{3B3C5EAC-5142-46E3-8ADF-094FF3C89A23}.Release|x64.Build.0 = Release|x64
		{3B3C5EAC-5142-46E3-8ADF-094FF3C89A23}.Release|x86.ActiveCfg = Release|Win32
		{3B3C5EAC-5142-46E3-8ADF-094FF3C89A23}.Release|x86.Build.0 = Release|Win32
	EndGlobalSection
	GlobalSection(SolutionProperties) = preSolution
		HideSolutionNode = FALSE
	EndGlobalSection
EndGlobal
